
Microsoft Visual Studio Solution File, Format Version 12.00
# Visual Studio Version 17
VisualStudioVersion = 17.1.32210.238
MinimumVisualStudioVersion = 10.0.40219.1
Project("{FAE04EC0-301F-11D3-BF4B-00C04F79EFBC}") = "Escuela", "Escuela\Escuela.csproj", "{666098E9-C2BE-406C-B62E-35159D1A1A53}"
EndProject
Global
	GlobalSection(SolutionConfigurationPlatforms) = preSolution
		Debug|Any CPU = Debug|Any CPU
		Release|Any CPU = Release|Any CPU
	EndGlobalSection
	GlobalSection(ProjectConfigurationPlatforms) = postSolution
		{666098E9-C2BE-406C-B62E-35159D1A1A53}.Debug|Any CPU.ActiveCfg = Debug|Any CPU
		{666098E9-C2BE-406C-B62E-35159D1A1A53}.Debug|Any CPU.Build.0 = Debug|Any CPU
		{666098E9-C2BE-406C-B62E-35159D1A1A53}.Release|Any CPU.ActiveCfg = Release|Any CPU
		{666098E9-C2BE-406C-B62E-35159D1A1A53}.Release|Any CPU.Build.0 = Release|Any CPU
	EndGlobalSection
	GlobalSection(SolutionProperties) = preSolution
		HideSolutionNode = FALSE
	EndGlobalSection
	GlobalSection(ExtensibilityGlobals) = postSolution
		SolutionGuid = {C71C814E-DC41-4418-AFDE-311A2CD61D38}
	EndGlobalSection
EndGlobal
